{
  "version": 2,
  "packages": {
    "unicodedb": {
      "version": "0.12.0",
      "vcsRevision": "b055310c08db8f879057b4fec15c8301ee93bb2a",
      "url": "https://github.com/nitely/nim-unicodedb",
      "downloadMethod": "git",
      "dependencies": [],
      "checksums": {
        "sha1": "4452416471e2fe8726eb6070ed6ea7368171cc09"
      }
    },
    "regex": {
      "version": "0.24.1",
      "vcsRevision": "36c65fa80e4db0d99f2ecb39783da9b3b574a50d",
      "url": "https://github.com/nitely/nim-regex",
      "downloadMethod": "git",
      "dependencies": [
        "unicodedb"
      ],
      "checksums": {
        "sha1": "e5f6cadfa21eb5526e17a4b78a6ffeaaa7469663"
      }
    },
    "docopt": {
      "version": "0.7.1",
      "vcsRevision": "efaa112b6df172a9168c4eb581ab8dda1fbcfe2a",
      "url": "https://github.com/docopt/docopt.nim",
      "downloadMethod": "git",
      "dependencies": [
        "regex"
      ],
      "checksums": {
        "sha1": "387f1ae17f3b7620c7814cf44a52d3d91b8906e9"
      }
    }
  },
  "tasks": {}
}
